// !$*UTF8*$!
{
	archiveVersion = 1;
	classes = {
	};
	objectVersion = 56;
	objects = {

/* Begin PBXBuildFile section */
		0E29AD19291D241C008476A8 /* GitHubUsersApp.swift in Sources */ = {isa = PBXBuildFile; fileRef = 0E29AD18291D241C008476A8 /* GitHubUsersApp.swift */; };
		0E29AD1D291D241D008476A8 /* Assets.xcassets in Resources */ = {isa = PBXBuildFile; fileRef = 0E29AD1C291D241D008476A8 /* Assets.xcassets */; };
		0E29AD20291D241D008476A8 /* Preview Assets.xcassets in Resources */ = {isa = PBXBuildFile; fileRef = 0E29AD1F291D241D008476A8 /* Preview Assets.xcassets */; };
		0E29AD30291D24A9008476A8 /* UserInfoView.swift in Sources */ = {isa = PBXBuildFile; fileRef = 0E29AD2F291D24A9008476A8 /* UserInfoView.swift */; };
		0E29AD32291D24B0008476A8 /* GitHubApiManager.swift in Sources */ = {isa = PBXBuildFile; fileRef = 0E29AD31291D24B0008476A8 /* GitHubApiManager.swift */; };
		0E416CF329210AD7000983CD /* UserInfoViewModel.swift in Sources */ = {isa = PBXBuildFile; fileRef = 0E416CF229210AD7000983CD /* UserInfoViewModel.swift */; };
		0E416CF529211826000983CD /* RepoRowView.swift in Sources */ = {isa = PBXBuildFile; fileRef = 0E416CF429211826000983CD /* RepoRowView.swift */; };
		0E416CF729211B6A000983CD /* Repository.swift in Sources */ = {isa = PBXBuildFile; fileRef = 0E416CF629211B6A000983CD /* Repository.swift */; };
		0E4FA0152924E60100CC3F4D /* UsersViewModel.swift in Sources */ = {isa = PBXBuildFile; fileRef = 0E4FA0142924E60100CC3F4D /* UsersViewModel.swift */; };
		0E9BD4FC292212B40029AC2B /* UserRowView.swift in Sources */ = {isa = PBXBuildFile; fileRef = 0E9BD4FB292212B40029AC2B /* UserRowView.swift */; };
		0EA5742C2923638E00A288AC /* FindUserView.swift in Sources */ = {isa = PBXBuildFile; fileRef = 0EA5742B2923638E00A288AC /* FindUserView.swift */; };
		0EA5742F292363B900A288AC /* FindUserViewModel.swift in Sources */ = {isa = PBXBuildFile; fileRef = 0EA5742E292363B900A288AC /* FindUserViewModel.swift */; };
		0EB94AF3291E23D100F43FE9 /* User.swift in Sources */ = {isa = PBXBuildFile; fileRef = 0EB94AF2291E23D100F43FE9 /* User.swift */; };
		0EBB9508292364E2001783EF /* UsersView.swift in Sources */ = {isa = PBXBuildFile; fileRef = 0EBB9507292364E2001783EF /* UsersView.swift */; };
		0EC23C1C2927686C00FF9A3A /* RepoInfoView.swift in Sources */ = {isa = PBXBuildFile; fileRef = 0EC23C1B2927686C00FF9A3A /* RepoInfoView.swift */; };
		0EC7C6C329430A770096F31A /* UserDefaultsDataManager.swift in Sources */ = {isa = PBXBuildFile; fileRef = 0EC7C6C229430A770096F31A /* UserDefaultsDataManager.swift */; };
		0EF767E4294268DE00A20E7B /* StarterView.swift in Sources */ = {isa = PBXBuildFile; fileRef = 0EF767E3294268DE00A20E7B /* StarterView.swift */; };
		0EF767E72942698A00A20E7B /* PinedUsersView.swift in Sources */ = {isa = PBXBuildFile; fileRef = 0EF767E62942698A00A20E7B /* PinedUsersView.swift */; };
		0EF767E929426A8700A20E7B /* UsersListView.swift in Sources */ = {isa = PBXBuildFile; fileRef = 0EF767E829426A8700A20E7B /* UsersListView.swift */; };
		0EF767EC29426BC700A20E7B /* PinedUsersViewModel.swift in Sources */ = {isa = PBXBuildFile; fileRef = 0EF767EB29426BC700A20E7B /* PinedUsersViewModel.swift */; };
		0EF767EE29426E5700A20E7B /* PineButton.swift in Sources */ = {isa = PBXBuildFile; fileRef = 0EF767ED29426E5700A20E7B /* PineButton.swift */; };
		0EF767F029426EAA00A20E7B /* CloseButton.swift in Sources */ = {isa = PBXBuildFile; fileRef = 0EF767EF29426EAA00A20E7B /* CloseButton.swift */; };
		0EF767F229426F3000A20E7B /* UserBaseInfoCardView.swift in Sources */ = {isa = PBXBuildFile; fileRef = 0EF767F129426F3000A20E7B /* UserBaseInfoCardView.swift */; };
		0EF767F429426FCD00A20E7B /* FakeDataManager.swift in Sources */ = {isa = PBXBuildFile; fileRef = 0EF767F329426FCD00A20E7B /* FakeDataManager.swift */; };
/* End PBXBuildFile section */

/* Begin PBXFileReference section */
		0E29AD15291D241C008476A8 /* GitHubUsers.app */ = {isa = PBXFileReference; explicitFileType = wrapper.application; includeInIndex = 0; path = GitHubUsers.app; sourceTree = BUILT_PRODUCTS_DIR; };
		0E29AD18291D241C008476A8 /* GitHubUsersApp.swift */ = {isa = PBXFileReference; lastKnownFileType = sourcecode.swift; path = GitHubUsersApp.swift; sourceTree = "<group>"; };
		0E29AD1C291D241D008476A8 /* Assets.xcassets */ = {isa = PBXFileReference; lastKnownFileType = folder.assetcatalog; path = Assets.xcassets; sourceTree = "<group>"; };
		0E29AD1F291D241D008476A8 /* Preview Assets.xcassets */ = {isa = PBXFileReference; lastKnownFileType = folder.assetcatalog; path = "Preview Assets.xcassets"; sourceTree = "<group>"; };
		0E29AD2F291D24A9008476A8 /* UserInfoView.swift */ = {isa = PBXFileReference; fileEncoding = 4; lastKnownFileType = sourcecode.swift; path = UserInfoView.swift; sourceTree = "<group>"; };
		0E29AD31291D24B0008476A8 /* GitHubApiManager.swift */ = {isa = PBXFileReference; fileEncoding = 4; lastKnownFileType = sourcecode.swift; path = GitHubApiManager.swift; sourceTree = "<group>"; };
		0E416CF229210AD7000983CD /* UserInfoViewModel.swift */ = {isa = PBXFileReference; lastKnownFileType = sourcecode.swift; path = UserInfoViewModel.swift; sourceTree = "<group>"; };
		0E416CF429211826000983CD /* RepoRowView.swift */ = {isa = PBXFileReference; lastKnownFileType = sourcecode.swift; path = RepoRowView.swift; sourceTree = "<group>"; };
		0E416CF629211B6A000983CD /* Repository.swift */ = {isa = PBXFileReference; lastKnownFileType = sourcecode.swift; path = Repository.swift; sourceTree = "<group>"; };
		0E4FA0142924E60100CC3F4D /* UsersViewModel.swift */ = {isa = PBXFileReference; lastKnownFileType = sourcecode.swift; path = UsersViewModel.swift; sourceTree = "<group>"; };
		0E9BD4FB292212B40029AC2B /* UserRowView.swift */ = {isa = PBXFileReference; lastKnownFileType = sourcecode.swift; path = UserRowView.swift; sourceTree = "<group>"; };
		0EA5742B2923638E00A288AC /* FindUserView.swift */ = {isa = PBXFileReference; lastKnownFileType = sourcecode.swift; path = FindUserView.swift; sourceTree = "<group>"; };
		0EA5742E292363B900A288AC /* FindUserViewModel.swift */ = {isa = PBXFileReference; lastKnownFileType = sourcecode.swift; path = FindUserViewModel.swift; sourceTree = "<group>"; };
		0EB94AF2291E23D100F43FE9 /* User.swift */ = {isa = PBXFileReference; lastKnownFileType = sourcecode.swift; path = User.swift; sourceTree = "<group>"; };
		0EBB9507292364E2001783EF /* UsersView.swift */ = {isa = PBXFileReference; lastKnownFileType = sourcecode.swift; path = UsersView.swift; sourceTree = "<group>"; };
		0EC23C1B2927686C00FF9A3A /* RepoInfoView.swift */ = {isa = PBXFileReference; lastKnownFileType = sourcecode.swift; path = RepoInfoView.swift; sourceTree = "<group>"; };
		0EC7C6C229430A770096F31A /* UserDefaultsDataManager.swift */ = {isa = PBXFileReference; lastKnownFileType = sourcecode.swift; path = UserDefaultsDataManager.swift; sourceTree = "<group>"; };
		0EF767E3294268DE00A20E7B /* StarterView.swift */ = {isa = PBXFileReference; lastKnownFileType = sourcecode.swift; path = StarterView.swift; sourceTree = "<group>"; };
		0EF767E62942698A00A20E7B /* PinedUsersView.swift */ = {isa = PBXFileReference; lastKnownFileType = sourcecode.swift; path = PinedUsersView.swift; sourceTree = "<group>"; };
		0EF767E829426A8700A20E7B /* UsersListView.swift */ = {isa = PBXFileReference; lastKnownFileType = sourcecode.swift; path = UsersListView.swift; sourceTree = "<group>"; };
		0EF767EB29426BC700A20E7B /* PinedUsersViewModel.swift */ = {isa = PBXFileReference; lastKnownFileType = sourcecode.swift; path = PinedUsersViewModel.swift; sourceTree = "<group>"; };
		0EF767ED29426E5700A20E7B /* PineButton.swift */ = {isa = PBXFileReference; lastKnownFileType = sourcecode.swift; path = PineButton.swift; sourceTree = "<group>"; };
		0EF767EF29426EAA00A20E7B /* CloseButton.swift */ = {isa = PBXFileReference; lastKnownFileType = sourcecode.swift; path = CloseButton.swift; sourceTree = "<group>"; };
		0EF767F129426F3000A20E7B /* UserBaseInfoCardView.swift */ = {isa = PBXFileReference; lastKnownFileType = sourcecode.swift; path = UserBaseInfoCardView.swift; sourceTree = "<group>"; };
		0EF767F329426FCD00A20E7B /* FakeDataManager.swift */ = {isa = PBXFileReference; lastKnownFileType = sourcecode.swift; path = FakeDataManager.swift; sourceTree = "<group>"; };
/* End PBXFileReference section */

/* Begin PBXFrameworksBuildPhase section */
		0E29AD12291D241C008476A8 /* Frameworks */ = {
			isa = PBXFrameworksBuildPhase;
			buildActionMask = 2147483647;
			files = (
			);
			runOnlyForDeploymentPostprocessing = 0;
		};
/* End PBXFrameworksBuildPhase section */

/* Begin PBXGroup section */
		0E29AD0C291D241C008476A8 = {
			isa = PBXGroup;
			children = (
				0E29AD17291D241C008476A8 /* GitHubUsers */,
				0E29AD16291D241C008476A8 /* Products */,
			);
			sourceTree = "<group>";
		};
		0E29AD16291D241C008476A8 /* Products */ = {
			isa = PBXGroup;
			children = (
				0E29AD15291D241C008476A8 /* GitHubUsers.app */,
			);
			name = Products;
			sourceTree = "<group>";
		};
		0E29AD17291D241C008476A8 /* GitHubUsers */ = {
			isa = PBXGroup;
			children = (
				0E29AD26291D2439008476A8 /* More */,
				0E29AD2A291D2474008476A8 /* Managers */,
				0EB94AF1291E23BC00F43FE9 /* Models */,
				0EF767EA29426B6500A20E7B /* Views */,
				0E29AD27291D244C008476A8 /* Screens */,
				0ED4E5082924F11500B52D67 /* Views */,
			);
			path = GitHubUsers;
			sourceTree = "<group>";
		};
		0E29AD1E291D241D008476A8 /* Preview Content */ = {
			isa = PBXGroup;
			children = (
				0E29AD1F291D241D008476A8 /* Preview Assets.xcassets */,
			);
			path = "Preview Content";
			sourceTree = "<group>";
		};
		0E29AD26291D2439008476A8 /* More */ = {
			isa = PBXGroup;
			children = (
				0E29AD18291D241C008476A8 /* GitHubUsersApp.swift */,
				0E29AD1E291D241D008476A8 /* Preview Content */,
				0E29AD1C291D241D008476A8 /* Assets.xcassets */,
			);
			path = More;
			sourceTree = "<group>";
		};
		0E29AD27291D244C008476A8 /* Screens */ = {
			isa = PBXGroup;
			children = (
				0EF767E2294268C200A20E7B /* Starter */,
				0EBB9506292364D1001783EF /* Users */,
				0EF767E52942696D00A20E7B /* PinedUsers */,
				0EA5742A2923637C00A288AC /* FindUser */,
				0E29AD29291D2464008476A8 /* UserInfo */,
				0EC23C1D29276D5100FF9A3A /* RepoInfo */,
			);
			path = Screens;
			sourceTree = "<group>";
		};
		0E29AD29291D2464008476A8 /* UserInfo */ = {
			isa = PBXGroup;
			children = (
				0E29AD2F291D24A9008476A8 /* UserInfoView.swift */,
				0E416CF229210AD7000983CD /* UserInfoViewModel.swift */,
			);
			path = UserInfo;
			sourceTree = "<group>";
		};
		0E29AD2A291D2474008476A8 /* Managers */ = {
			isa = PBXGroup;
			children = (
				0E29AD31291D24B0008476A8 /* GitHubApiManager.swift */,
				0EF767F329426FCD00A20E7B /* FakeDataManager.swift */,
				0EC7C6C229430A770096F31A /* UserDefaultsDataManager.swift */,
			);
			path = Managers;
			sourceTree = "<group>";
		};
		0E9BD4FD292215830029AC2B /* UserRow */ = {
			isa = PBXGroup;
			children = (
				0E9BD4FB292212B40029AC2B /* UserRowView.swift */,
			);
			path = UserRow;
			sourceTree = "<group>";
		};
		0E9BD4FE292215A10029AC2B /* Rows */ = {
			isa = PBXGroup;
			children = (
				0E9BD4FD292215830029AC2B /* UserRow */,
				0E9BD4FF292215D60029AC2B /* RepoRow */,
			);
			path = Rows;
			sourceTree = "<group>";
		};
		0E9BD4FF292215D60029AC2B /* RepoRow */ = {
			isa = PBXGroup;
			children = (
				0E416CF429211826000983CD /* RepoRowView.swift */,
			);
			path = RepoRow;
			sourceTree = "<group>";
		};
		0EA5742A2923637C00A288AC /* FindUser */ = {
			isa = PBXGroup;
			children = (
				0EA5742B2923638E00A288AC /* FindUserView.swift */,
				0EA5742E292363B900A288AC /* FindUserViewModel.swift */,
			);
			path = FindUser;
			sourceTree = "<group>";
		};
		0EB94AF1291E23BC00F43FE9 /* Models */ = {
			isa = PBXGroup;
			children = (
				0EB94AF2291E23D100F43FE9 /* User.swift */,
				0E416CF629211B6A000983CD /* Repository.swift */,
			);
			path = Models;
			sourceTree = "<group>";
		};
		0EBB9506292364D1001783EF /* Users */ = {
			isa = PBXGroup;
			children = (
				0EBB9507292364E2001783EF /* UsersView.swift */,
				0E4FA0142924E60100CC3F4D /* UsersViewModel.swift */,
			);
			path = Users;
			sourceTree = "<group>";
		};
		0EC23C1D29276D5100FF9A3A /* RepoInfo */ = {
			isa = PBXGroup;
			children = (
				0EC23C1B2927686C00FF9A3A /* RepoInfoView.swift */,
			);
			path = RepoInfo;
			sourceTree = "<group>";
		};
		0ED4E5082924F11500B52D67 /* Views */ = {
			isa = PBXGroup;
			children = (
				0E9BD4FE292215A10029AC2B /* Rows */,
			);
			path = Views;
			sourceTree = "<group>";
		};
		0EF767E2294268C200A20E7B /* Starter */ = {
			isa = PBXGroup;
			children = (
				0EF767E3294268DE00A20E7B /* StarterView.swift */,
			);
			path = Starter;
			sourceTree = "<group>";
		};
		0EF767E52942696D00A20E7B /* PinedUsers */ = {
			isa = PBXGroup;
			children = (
				0EF767EB29426BC700A20E7B /* PinedUsersViewModel.swift */,
				0EF767E62942698A00A20E7B /* PinedUsersView.swift */,
			);
			path = PinedUsers;
			sourceTree = "<group>";
		};
		0EF767EA29426B6500A20E7B /* Views */ = {
			isa = PBXGroup;
			children = (
				0EF767F52942715500A20E7B /* Buttons */,
				0EF767F129426F3000A20E7B /* UserBaseInfoCardView.swift */,
				0EF767E829426A8700A20E7B /* UsersListView.swift */,
			);
			name = Views;
			path = Models/Views;
			sourceTree = "<group>";
		};
		0EF767F52942715500A20E7B /* Buttons */ = {
			isa = PBXGroup;
			children = (
				0EF767ED29426E5700A20E7B /* PineButton.swift */,
				0EF767EF29426EAA00A20E7B /* CloseButton.swift */,
			);
			path = Buttons;
			sourceTree = "<group>";
		};
/* End PBXGroup section */

/* Begin PBXNativeTarget section */
		0E29AD14291D241C008476A8 /* GitHubUsers */ = {
			isa = PBXNativeTarget;
			buildConfigurationList = 0E29AD23291D241D008476A8 /* Build configuration list for PBXNativeTarget "GitHubUsers" */;
			buildPhases = (
				0E29AD11291D241C008476A8 /* Sources */,
				0E29AD12291D241C008476A8 /* Frameworks */,
				0E29AD13291D241C008476A8 /* Resources */,
			);
			buildRules = (
			);
			dependencies = (
			);
			name = GitHubUsers;
			productName = GitHubUsers;
			productReference = 0E29AD15291D241C008476A8 /* GitHubUsers.app */;
			productType = "com.apple.product-type.application";
		};
/* End PBXNativeTarget section */

/* Begin PBXProject section */
		0E29AD0D291D241C008476A8 /* Project object */ = {
			isa = PBXProject;
			attributes = {
				BuildIndependentTargetsInParallel = 1;
				LastSwiftUpdateCheck = 1410;
				LastUpgradeCheck = 1410;
				TargetAttributes = {
					0E29AD14291D241C008476A8 = {
						CreatedOnToolsVersion = 14.1;
					};
				};
			};
			buildConfigurationList = 0E29AD10291D241C008476A8 /* Build configuration list for PBXProject "GitHubUsers" */;
			compatibilityVersion = "Xcode 14.0";
			developmentRegion = en;
			hasScannedForEncodings = 0;
			knownRegions = (
				en,
				Base,
			);
			mainGroup = 0E29AD0C291D241C008476A8;
			productRefGroup = 0E29AD16291D241C008476A8 /* Products */;
			projectDirPath = "";
			projectRoot = "";
			targets = (
				0E29AD14291D241C008476A8 /* GitHubUsers */,
			);
		};
/* End PBXProject section */

/* Begin PBXResourcesBuildPhase section */
		0E29AD13291D241C008476A8 /* Resources */ = {
			isa = PBXResourcesBuildPhase;
			buildActionMask = 2147483647;
			files = (
				0E29AD20291D241D008476A8 /* Preview Assets.xcassets in Resources */,
				0E29AD1D291D241D008476A8 /* Assets.xcassets in Resources */,
			);
			runOnlyForDeploymentPostprocessing = 0;
		};
/* End PBXResourcesBuildPhase section */

/* Begin PBXSourcesBuildPhase section */
		0E29AD11291D241C008476A8 /* Sources */ = {
			isa = PBXSourcesBuildPhase;
			buildActionMask = 2147483647;
			files = (
				0EC23C1C2927686C00FF9A3A /* RepoInfoView.swift in Sources */,
				0EA5742C2923638E00A288AC /* FindUserView.swift in Sources */,
				0EF767E4294268DE00A20E7B /* StarterView.swift in Sources */,
				0E4FA0152924E60100CC3F4D /* UsersViewModel.swift in Sources */,
				0EF767F229426F3000A20E7B /* UserBaseInfoCardView.swift in Sources */,
				0EA5742F292363B900A288AC /* FindUserViewModel.swift in Sources */,
				0EF767EE29426E5700A20E7B /* PineButton.swift in Sources */,
				0E29AD19291D241C008476A8 /* GitHubUsersApp.swift in Sources */,
				0E416CF529211826000983CD /* RepoRowView.swift in Sources */,
				0EF767E929426A8700A20E7B /* UsersListView.swift in Sources */,
				0E9BD4FC292212B40029AC2B /* UserRowView.swift in Sources */,
				0EF767F029426EAA00A20E7B /* CloseButton.swift in Sources */,
				0E416CF329210AD7000983CD /* UserInfoViewModel.swift in Sources */,
				0EB94AF3291E23D100F43FE9 /* User.swift in Sources */,
				0E416CF729211B6A000983CD /* Repository.swift in Sources */,
				0EF767E72942698A00A20E7B /* PinedUsersView.swift in Sources */,
				0EC7C6C329430A770096F31A /* UserDefaultsDataManager.swift in Sources */,
				0E29AD32291D24B0008476A8 /* GitHubApiManager.swift in Sources */,
				0EF767F429426FCD00A20E7B /* FakeDataManager.swift in Sources */,
				0EF767EC29426BC700A20E7B /* PinedUsersViewModel.swift in Sources */,
				0EBB9508292364E2001783EF /* UsersView.swift in Sources */,
				0E29AD30291D24A9008476A8 /* UserInfoView.swift in Sources */,
			);
			runOnlyForDeploymentPostprocessing = 0;
		};
/* End PBXSourcesBuildPhase section */

/* Begin XCBuildConfiguration section */
		0E29AD21291D241D008476A8 /* Debug */ = {
			isa = XCBuildConfiguration;
			buildSettings = {
				ALWAYS_SEARCH_USER_PATHS = NO;
				CLANG_ANALYZER_NONNULL = YES;
				CLANG_ANALYZER_NUMBER_OBJECT_CONVERSION = YES_AGGRESSIVE;
				CLANG_CXX_LANGUAGE_STANDARD = "gnu++20";
				CLANG_ENABLE_MODULES = YES;
				CLANG_ENABLE_OBJC_ARC = YES;
				CLANG_ENABLE_OBJC_WEAK = YES;
				CLANG_WARN_BLOCK_CAPTURE_AUTORELEASING = YES;
				CLANG_WARN_BOOL_CONVERSION = YES;
				CLANG_WARN_COMMA = YES;
				CLANG_WARN_CONSTANT_CONVERSION = YES;
				CLANG_WARN_DEPRECATED_OBJC_IMPLEMENTATIONS = YES;
				CLANG_WARN_DIRECT_OBJC_ISA_USAGE = YES_ERROR;
				CLANG_WARN_DOCUMENTATION_COMMENTS = YES;
				CLANG_WARN_EMPTY_BODY = YES;
				CLANG_WARN_ENUM_CONVERSION = YES;
				CLANG_WARN_INFINITE_RECURSION = YES;
				CLANG_WARN_INT_CONVERSION = YES;
				CLANG_WARN_NON_LITERAL_NULL_CONVERSION = YES;
				CLANG_WARN_OBJC_IMPLICIT_RETAIN_SELF = YES;
				CLANG_WARN_OBJC_LITERAL_CONVERSION = YES;
				CLANG_WARN_OBJC_ROOT_CLASS = YES_ERROR;
				CLANG_WARN_QUOTED_INCLUDE_IN_FRAMEWORK_HEADER = YES;
				CLANG_WARN_RANGE_LOOP_ANALYSIS = YES;
				CLANG_WARN_STRICT_PROTOTYPES = YES;
				CLANG_WARN_SUSPICIOUS_MOVE = YES;
				CLANG_WARN_UNGUARDED_AVAILABILITY = YES_AGGRESSIVE;
				CLANG_WARN_UNREACHABLE_CODE = YES;
				CLANG_WARN__DUPLICATE_METHOD_MATCH = YES;
				COPY_PHASE_STRIP = NO;
				DEBUG_INFORMATION_FORMAT = dwarf;
				ENABLE_STRICT_OBJC_MSGSEND = YES;
				ENABLE_TESTABILITY = YES;
				GCC_C_LANGUAGE_STANDARD = gnu11;
				GCC_DYNAMIC_NO_PIC = NO;
				GCC_NO_COMMON_BLOCKS = YES;
				GCC_OPTIMIZATION_LEVEL = 0;
				GCC_PREPROCESSOR_DEFINITIONS = (
					"DEBUG=1",
					"$(inherited)",
				);
				GCC_WARN_64_TO_32_BIT_CONVERSION = YES;
				GCC_WARN_ABOUT_RETURN_TYPE = YES_ERROR;
				GCC_WARN_UNDECLARED_SELECTOR = YES;
				GCC_WARN_UNINITIALIZED_AUTOS = YES_AGGRESSIVE;
				GCC_WARN_UNUSED_FUNCTION = YES;
				GCC_WARN_UNUSED_VARIABLE = YES;
				IPHONEOS_DEPLOYMENT_TARGET = 16.1;
				MTL_ENABLE_DEBUG_INFO = INCLUDE_SOURCE;
				MTL_FAST_MATH = YES;
				ONLY_ACTIVE_ARCH = YES;
				SDKROOT = iphoneos;
				SWIFT_ACTIVE_COMPILATION_CONDITIONS = DEBUG;
				SWIFT_OPTIMIZATION_LEVEL = "-Onone";
			};
			name = Debug;
		};
		0E29AD22291D241D008476A8 /* Release */ = {
			isa = XCBuildConfiguration;
			buildSettings = {
				ALWAYS_SEARCH_USER_PATHS = NO;
				CLANG_ANALYZER_NONNULL = YES;
				CLANG_ANALYZER_NUMBER_OBJECT_CONVERSION = YES_AGGRESSIVE;
				CLANG_CXX_LANGUAGE_STANDARD = "gnu++20";
				CLANG_ENABLE_MODULES = YES;
				CLANG_ENABLE_OBJC_ARC = YES;
				CLANG_ENABLE_OBJC_WEAK = YES;
				CLANG_WARN_BLOCK_CAPTURE_AUTORELEASING = YES;
				CLANG_WARN_BOOL_CONVERSION = YES;
				CLANG_WARN_COMMA = YES;
				CLANG_WARN_CONSTANT_CONVERSION = YES;
				CLANG_WARN_DEPRECATED_OBJC_IMPLEMENTATIONS = YES;
				CLANG_WARN_DIRECT_OBJC_ISA_USAGE = YES_ERROR;
				CLANG_WARN_DOCUMENTATION_COMMENTS = YES;
				CLANG_WARN_EMPTY_BODY = YES;
				CLANG_WARN_ENUM_CONVERSION = YES;
				CLANG_WARN_INFINITE_RECURSION = YES;
				CLANG_WARN_INT_CONVERSION = YES;
				CLANG_WARN_NON_LITERAL_NULL_CONVERSION = YES;
				CLANG_WARN_OBJC_IMPLICIT_RETAIN_SELF = YES;
				CLANG_WARN_OBJC_LITERAL_CONVERSION = YES;
				CLANG_WARN_OBJC_ROOT_CLASS = YES_ERROR;
				CLANG_WARN_QUOTED_INCLUDE_IN_FRAMEWORK_HEADER = YES;
				CLANG_WARN_RANGE_LOOP_ANALYSIS = YES;
				CLANG_WARN_STRICT_PROTOTYPES = YES;
				CLANG_WARN_SUSPICIOUS_MOVE = YES;
				CLANG_WARN_UNGUARDED_AVAILABILITY = YES_AGGRESSIVE;
				CLANG_WARN_UNREACHABLE_CODE = YES;
				CLANG_WARN__DUPLICATE_METHOD_MATCH = YES;
				COPY_PHASE_STRIP = NO;
				DEBUG_INFORMATION_FORMAT = "dwarf-with-dsym";
				ENABLE_NS_ASSERTIONS = NO;
				ENABLE_STRICT_OBJC_MSGSEND = YES;
				GCC_C_LANGUAGE_STANDARD = gnu11;
				GCC_NO_COMMON_BLOCKS = YES;
				GCC_WARN_64_TO_32_BIT_CONVERSION = YES;
				GCC_WARN_ABOUT_RETURN_TYPE = YES_ERROR;
				GCC_WARN_UNDECLARED_SELECTOR = YES;
				GCC_WARN_UNINITIALIZED_AUTOS = YES_AGGRESSIVE;
				GCC_WARN_UNUSED_FUNCTION = YES;
				GCC_WARN_UNUSED_VARIABLE = YES;
				IPHONEOS_DEPLOYMENT_TARGET = 16.1;
				MTL_ENABLE_DEBUG_INFO = NO;
				MTL_FAST_MATH = YES;
				SDKROOT = iphoneos;
				SWIFT_COMPILATION_MODE = wholemodule;
				SWIFT_OPTIMIZATION_LEVEL = "-O";
				VALIDATE_PRODUCT = YES;
			};
			name = Release;
		};
		0E29AD24291D241D008476A8 /* Debug */ = {
			isa = XCBuildConfiguration;
			buildSettings = {
				ASSETCATALOG_COMPILER_APPICON_NAME = AppIcon;
				ASSETCATALOG_COMPILER_GLOBAL_ACCENT_COLOR_NAME = AccentColor;
				CODE_SIGN_STYLE = Automatic;
				CURRENT_PROJECT_VERSION = 1;
				DEVELOPMENT_ASSET_PATHS = "\"GitHubUsers/More/Preview Content\"";
				DEVELOPMENT_TEAM = 86SKTK882J;
				ENABLE_PREVIEWS = YES;
				GENERATE_INFOPLIST_FILE = YES;
				INFOPLIST_KEY_UIApplicationSceneManifest_Generation = YES;
				INFOPLIST_KEY_UIApplicationSupportsIndirectInputEvents = YES;
				INFOPLIST_KEY_UILaunchScreen_Generation = YES;
				INFOPLIST_KEY_UISupportedInterfaceOrientations_iPad = "UIInterfaceOrientationPortrait UIInterfaceOrientationPortraitUpsideDown UIInterfaceOrientationLandscapeLeft UIInterfaceOrientationLandscapeRight";
				INFOPLIST_KEY_UISupportedInterfaceOrientations_iPhone = "UIInterfaceOrientationPortrait UIInterfaceOrientationLandscapeLeft UIInterfaceOrientationLandscapeRight";
				IPHONEOS_DEPLOYMENT_TARGET = 15.0;
				LD_RUNPATH_SEARCH_PATHS = (
					"$(inherited)",
					"@executable_path/Frameworks",
				);
				MARKETING_VERSION = 1.0;
				PRODUCT_BUNDLE_IDENTIFIER = uliana.GitHubUsers;
				PRODUCT_NAME = "$(TARGET_NAME)";
				SWIFT_EMIT_LOC_STRINGS = YES;
				SWIFT_VERSION = 5.0;
				TARGETED_DEVICE_FAMILY = "1,2";
			};
			name = Debug;
		};
		0E29AD25291D241D008476A8 /* Release */ = {
			isa = XCBuildConfiguration;
			buildSettings = {
				ASSETCATALOG_COMPILER_APPICON_NAME = AppIcon;
				ASSETCATALOG_COMPILER_GLOBAL_ACCENT_COLOR_NAME = AccentColor;
				CODE_SIGN_STYLE = Automatic;
				CURRENT_PROJECT_VERSION = 1;
				DEVELOPMENT_ASSET_PATHS = "\"GitHubUsers/More/Preview Content\"";
				DEVELOPMENT_TEAM = 86SKTK882J;
				ENABLE_PREVIEWS = YES;
				GENERATE_INFOPLIST_FILE = YES;
				INFOPLIST_KEY_UIApplicationSceneManifest_Generation = YES;
				INFOPLIST_KEY_UIApplicationSupportsIndirectInputEvents = YES;
				INFOPLIST_KEY_UILaunchScreen_Generation = YES;
				INFOPLIST_KEY_UISupportedInterfaceOrientations_iPad = "UIInterfaceOrientationPortrait UIInterfaceOrientationPortraitUpsideDown UIInterfaceOrientationLandscapeLeft UIInterfaceOrientationLandscapeRight";
				INFOPLIST_KEY_UISupportedInterfaceOrientations_iPhone = "UIInterfaceOrientationPortrait UIInterfaceOrientationLandscapeLeft UIInterfaceOrientationLandscapeRight";
				IPHONEOS_DEPLOYMENT_TARGET = 15.0;
				LD_RUNPATH_SEARCH_PATHS = (
					"$(inherited)",
					"@executable_path/Frameworks",
				);
				MARKETING_VERSION = 1.0;
				PRODUCT_BUNDLE_IDENTIFIER = uliana.GitHubUsers;
				PRODUCT_NAME = "$(TARGET_NAME)";
				SWIFT_EMIT_LOC_STRINGS = YES;
				SWIFT_VERSION = 5.0;
				TARGETED_DEVICE_FAMILY = "1,2";
			};
			name = Release;
		};
/* End XCBuildConfiguration section */

/* Begin XCConfigurationList section */
		0E29AD10291D241C008476A8 /* Build configuration list for PBXProject "GitHubUsers" */ = {
			isa = XCConfigurationList;
			buildConfigurations = (
				0E29AD21291D241D008476A8 /* Debug */,
				0E29AD22291D241D008476A8 /* Release */,
			);
			defaultConfigurationIsVisible = 0;
			defaultConfigurationName = Release;
		};
		0E29AD23291D241D008476A8 /* Build configuration list for PBXNativeTarget "GitHubUsers" */ = {
			isa = XCConfigurationList;
			buildConfigurations = (
				0E29AD24291D241D008476A8 /* Debug */,
				0E29AD25291D241D008476A8 /* Release */,
			);
			defaultConfigurationIsVisible = 0;
			defaultConfigurationName = Release;
		};
/* End XCConfigurationList section */
	};
	rootObject = 0E29AD0D291D241C008476A8 /* Project object */;
}
